{
  "name": "gridsome-plugin-device-detector-js",
  "version": "1.0.2",
  "lockfileVersion": 1,
  "requires": true,
  "dependencies": {
    "device-detector-js": {
      "version": "2.2.7",
      "resolved": "https://registry.npmjs.org/device-detector-js/-/device-detector-js-2.2.7.tgz",
      "integrity": "sha512-I8kyGYv5c92bqO8oJehCOPubebBMwkSMnAr3IJDkpRLyXmIHasGqfA5MCwud17B4vn8FP4pgV3BJFZuQv8s4zQ=="
    },
    "vue-device-detector-js": {
      "version": "1.0.2",
      "resolved": "https://registry.npmjs.org/vue-device-detector-js/-/vue-device-detector-js-1.0.2.tgz",
      "integrity": "sha512-mRELSbKOGK9umhLpkk4zch5AvT0YVwY9pUg9XPn1oB2PqOW0d/VcZdXPGdVGsGVeWKn7StEiAmxj9RM/+outEg==",
      "requires": {
        "device-detector-js": "2.2.7"
      }
    }
  }
}
